
Microsoft Visual Studio Solution File, Format Version 12.00
# Visual Studio Version 17
VisualStudioVersion = 17.0.32014.148
MinimumVisualStudioVersion = 10.0.40219.1
Project("{FAE04EC0-301F-11D3-BF4B-00C04F79EFBC}") = "EmailSender", "EmailSender\EmailSender.csproj", "{93E2916E-84CF-46AA-9838-21F353A20DC6}"
EndProject
Global
	GlobalSection(SolutionConfigurationPlatforms) = preSolution
		Debug|Any CPU = Debug|Any CPU
		Release|Any CPU = Release|Any CPU
	EndGlobalSection
	GlobalSection(ProjectConfigurationPlatforms) = postSolution
		{93E2916E-84CF-46AA-9838-21F353A20DC6}.Debug|Any CPU.ActiveCfg = Debug|Any CPU
		{93E2916E-84CF-46AA-9838-21F353A20DC6}.Debug|Any CPU.Build.0 = Debug|Any CPU
		{93E2916E-84CF-46AA-9838-21F353A20DC6}.Release|Any CPU.ActiveCfg = Release|Any CPU
		{93E2916E-84CF-46AA-9838-21F353A20DC6}.Release|Any CPU.Build.0 = Release|Any CPU
	EndGlobalSection
	GlobalSection(SolutionProperties) = preSolution
		HideSolutionNode = FALSE
	EndGlobalSection
	GlobalSection(ExtensibilityGlobals) = postSolution
		SolutionGuid = {5480D96F-7DC7-48AF-92E5-410E7FD94051}
	EndGlobalSection
EndGlobal
